
Microsoft Visual Studio Solution File, Format Version 12.00
# Visual Studio Version 17
VisualStudioVersion = 17.0.32014.148
MinimumVisualStudioVersion = 10.0.40219.1
Project("{9A19103F-16F7-4668-BE54-9A1E7A4F7556}") = "CityWeatherReports", "CityWeatherReports.csproj", "{5D21C852-80D5-4FF9-9589-C27ECADDDBCD}"
EndProject
Project("{9A19103F-16F7-4668-BE54-9A1E7A4F7556}") = "UnitTestCityWeatherReport", "UnitTestCityWeatherReport\UnitTestCityWeatherReport.csproj", "{92419F39-957B-4A0B-9647-3DEC8A601244}"
EndProject
Global
	GlobalSection(SolutionConfigurationPlatforms) = preSolution
		Debug|Any CPU = Debug|Any CPU
		Release|Any CPU = Release|Any CPU
	EndGlobalSection
	GlobalSection(ProjectConfigurationPlatforms) = postSolution
		{5D21C852-80D5-4FF9-9589-C27ECADDDBCD}.Debug|Any CPU.ActiveCfg = Debug|Any CPU
		{5D21C852-80D5-4FF9-9589-C27ECADDDBCD}.Debug|Any CPU.Build.0 = Debug|Any CPU
		{5D21C852-80D5-4FF9-9589-C27ECADDDBCD}.Release|Any CPU.ActiveCfg = Release|Any CPU
		{5D21C852-80D5-4FF9-9589-C27ECADDDBCD}.Release|Any CPU.Build.0 = Release|Any CPU
		{92419F39-957B-4A0B-9647-3DEC8A601244}.Debug|Any CPU.ActiveCfg = Debug|Any CPU
		{92419F39-957B-4A0B-9647-3DEC8A601244}.Debug|Any CPU.Build.0 = Debug|Any CPU
		{92419F39-957B-4A0B-9647-3DEC8A601244}.Release|Any CPU.ActiveCfg = Release|Any CPU
		{92419F39-957B-4A0B-9647-3DEC8A601244}.Release|Any CPU.Build.0 = Release|Any CPU
	EndGlobalSection
	GlobalSection(SolutionProperties) = preSolution
		HideSolutionNode = FALSE
	EndGlobalSection
	GlobalSection(ExtensibilityGlobals) = postSolution
		SolutionGuid = {D88424CC-A00E-4AF0-AC0A-2D8A67EDBF6D}
	EndGlobalSection
EndGlobal
